{
    "version": 3,
    "terraform_version": "0.11.2",
    "serial": 70,
    "lineage": "467e2f75-ee7d-43cb-b49f-6da2ed9ba698",
    "modules": [
        {
            "path": [
                "root"
            ],
            "outputs": {},
            "resources": {
                "digitalocean_domain.colinforcastine": {
                    "type": "digitalocean_domain",
                    "depends_on": [
                        "digitalocean_droplet.sovreign"
                    ],
                    "primary": {
                        "id": "colinforcastine.com",
                        "attributes": {
                            "id": "colinforcastine.com",
                            "ip_address": "162.243.105.65",
                            "name": "colinforcastine.com"
                        },
                        "meta": {},
                        "tainted": false
                    },
                    "deposed": [],
                    "provider": "provider.digitalocean"
                },
                "digitalocean_domain.el8delete": {
                    "type": "digitalocean_domain",
                    "depends_on": [],
                    "primary": {
                        "id": "el8delete.club",
                        "attributes": {
                            "id": "el8delete.club",
                            "ip_address": "185.199.108.153",
                            "name": "el8delete.club"
                        },
                        "meta": {},
                        "tainted": false
                    },
                    "deposed": [],
                    "provider": "provider.digitalocean"
                },
                "digitalocean_domain.onec": {
                    "type": "digitalocean_domain",
                    "depends_on": [
                        "digitalocean_droplet.sovreign"
                    ],
                    "primary": {
                        "id": "onec.me",
                        "attributes": {
                            "id": "onec.me",
                            "ip_address": "162.243.105.65",
                            "name": "onec.me"
                        },
                        "meta": {},
                        "tainted": false
                    },
                    "deposed": [],
                    "provider": "provider.digitalocean"
                },
                "digitalocean_domain.unblink": {
                    "type": "digitalocean_domain",
                    "depends_on": [
                        "digitalocean_droplet.sovereign"
                    ],
                    "primary": {
                        "id": "unbl.ink",
                        "attributes": {
                            "id": "unbl.ink",
                            "ip_address": "159.203.182.108",
                            "name": "unbl.ink"
                        },
                        "meta": {},
                        "tainted": false
                    },
                    "deposed": [],
                    "provider": "provider.digitalocean"
                },
                "digitalocean_droplet.sovereign": {
                    "type": "digitalocean_droplet",
                    "depends_on": [
                        "digitalocean_ssh_key.personal",
                        "digitalocean_volume.sovereign-storage"
                    ],
                    "primary": {
                        "id": "78661741",
                        "attributes": {
                            "disk": "30",
                            "id": "78661741",
                            "image": "debian-8-x64",
                            "ipv4_address": "159.203.182.108",
                            "locked": "false",
                            "name": "unbl.ink",
                            "price_hourly": "0.01488",
                            "price_monthly": "10",
                            "region": "nyc1",
                            "resize_disk": "true",
                            "size": "1gb",
                            "ssh_keys.#": "1",
                            "ssh_keys.0": "17418300",
                            "status": "active",
                            "tags.#": "0",
                            "vcpus": "1",
                            "volume_ids.#": "1",
                            "volume_ids.0": "23b092e3-f899-11e7-89a6-0242ac114005"
                        },
                        "meta": {},
                        "tainted": false
                    },
                    "deposed": [],
                    "provider": "provider.digitalocean"
                },
                "digitalocean_droplet.sovreign": {
                    "type": "digitalocean_droplet",
                    "depends_on": [],
                    "primary": {
                        "id": "10827459",
                        "attributes": {
                            "disk": "30",
                            "id": "10827459",
                            "image": "wordpress-14-04",
                            "ipv4_address": "162.243.105.65",
                            "locked": "false",
                            "name": "sovreign",
                            "price_hourly": "0.01488",
                            "price_monthly": "10",
                            "region": "nyc2",
                            "resize_disk": "true",
                            "size": "1gb",
                            "ssh_keys.#": "1",
                            "ssh_keys.0": "17418300",
                            "status": "active",
                            "tags.#": "0",
                            "vcpus": "1"
                        },
                        "meta": {},
                        "tainted": false
                    },
                    "deposed": [],
                    "provider": "provider.digitalocean"
                },
                "digitalocean_record.akepa": {
                    "type": "digitalocean_record",
                    "depends_on": [
                        "digitalocean_domain.onec"
                    ],
                    "primary": {
                        "id": "24563801",
                        "attributes": {
                            "domain": "onec.me",
                            "fqdn": "akepa.onec.me",
                            "id": "24563801",
                            "name": "akepa",
                            "port": "0",
                            "priority": "0",
                            "ttl": "1800",
                            "type": "A",
                            "value": "75.127.4.125",
                            "weight": "0"
                        },
                        "meta": {},
                        "tainted": false
                    },
                    "deposed": [],
                    "provider": "provider.digitalocean"
                },
                "digitalocean_record.akepa-unblink": {
                    "type": "digitalocean_record",
                    "depends_on": [
                        "digitalocean_domain.unblink"
                    ],
                    "primary": {
                        "id": "33079809",
                        "attributes": {
                            "domain": "unbl.ink",
                            "fqdn": "akepa.unbl.ink",
                            "id": "33079809",
                            "name": "akepa",
                            "port": "0",
                            "priority": "0",
                            "ttl": "1800",
                            "type": "A",
                            "value": "75.127.4.125",
                            "weight": "0"
                        },
                        "meta": {},
                        "tainted": false
                    },
                    "deposed": [],
                    "provider": "provider.digitalocean"
                },
                "digitalocean_record.auklet": {
                    "type": "digitalocean_record",
                    "depends_on": [
                        "digitalocean_domain.onec"
                    ],
                    "primary": {
                        "id": "24563802",
                        "attributes": {
                            "domain": "onec.me",
                            "fqdn": "auklet.onec.me",
                            "id": "24563802",
                            "name": "auklet",
                            "port": "0",
                            "priority": "0",
                            "ttl": "1800",
                            "type": "A",
                            "value": "45.46.94.151",
                            "weight": "0"
                        },
                        "meta": {},
                        "tainted": false
                    },
                    "deposed": [],
                    "provider": "provider.digitalocean"
                },
                "digitalocean_record.auklet-unblink": {
                    "type": "digitalocean_record",
                    "depends_on": [
                        "digitalocean_domain.unblink"
                    ],
                    "primary": {
                        "id": "33079806",
                        "attributes": {
                            "domain": "unbl.ink",
                            "fqdn": "auklet.unbl.ink",
                            "id": "33079806",
                            "name": "auklet",
                            "port": "0",
                            "priority": "0",
                            "ttl": "1800",
                            "type": "A",
                            "value": "45.46.94.151",
                            "weight": "0"
                        },
                        "meta": {},
                        "tainted": false
                    },
                    "deposed": [],
                    "provider": "provider.digitalocean"
                },
                "digitalocean_record.autoconfig": {
                    "type": "digitalocean_record",
                    "depends_on": [
                        "digitalocean_domain.onec",
                        "digitalocean_droplet.sovreign"
                    ],
                    "primary": {
                        "id": "24563562",
                        "attributes": {
                            "domain": "onec.me",
                            "fqdn": "autoconfig.onec.me",
                            "id": "24563562",
                            "name": "autoconfig",
                            "port": "0",
                            "priority": "0",
                            "ttl": "1800",
                            "type": "A",
                            "value": "162.243.105.65",
                            "weight": "0"
                        },
                        "meta": {},
                        "tainted": false
                    },
                    "deposed": [],
                    "provider": "provider.digitalocean"
                },
                "digitalocean_record.autoconfig-unblink": {
                    "type": "digitalocean_record",
                    "depends_on": [
                        "digitalocean_domain.unblink",
                        "digitalocean_droplet.sovereign"
                    ],
                    "primary": {
                        "id": "33079795",
                        "attributes": {
                            "domain": "unbl.ink",
                            "fqdn": "autoconfig.unbl.ink",
                            "id": "33079795",
                            "name": "autoconfig",
                            "port": "0",
                            "priority": "0",
                            "ttl": "1800",
                            "type": "A",
                            "value": "159.203.182.108",
                            "weight": "0"
                        },
                        "meta": {},
                        "tainted": false
                    },
                    "deposed": [],
                    "provider": "provider.digitalocean"
                },
                "digitalocean_record.chickadee": {
                    "type": "digitalocean_record",
                    "depends_on": [
                        "digitalocean_domain.onec",
                        "digitalocean_droplet.sovreign"
                    ],
                    "primary": {
                        "id": "24563565",
                        "attributes": {
                            "domain": "onec.me",
                            "fqdn": "chickadee.onec.me",
                            "id": "24563565",
                            "name": "chickadee",
                            "port": "0",
                            "priority": "0",
                            "ttl": "1800",
                            "type": "A",
                            "value": "162.243.105.65",
                            "weight": "0"
                        },
                        "meta": {},
                        "tainted": false
                    },
                    "deposed": [],
                    "provider": "provider.digitalocean"
                },
                "digitalocean_record.cloud": {
                    "type": "digitalocean_record",
                    "depends_on": [
                        "digitalocean_domain.onec",
                        "digitalocean_droplet.sovreign"
                    ],
                    "primary": {
                        "id": "24563564",
                        "attributes": {
                            "domain": "onec.me",
                            "fqdn": "cloud.onec.me",
                            "id": "24563564",
                            "name": "cloud",
                            "port": "0",
                            "priority": "0",
                            "ttl": "1800",
                            "type": "A",
                            "value": "162.243.105.65",
                            "weight": "0"
                        },
                        "meta": {},
                        "tainted": false
                    },
                    "deposed": [],
                    "provider": "provider.digitalocean"
                },
                "digitalocean_record.cloud-unblink": {
                    "type": "digitalocean_record",
                    "depends_on": [
                        "digitalocean_domain.unblink",
                        "digitalocean_droplet.sovereign"
                    ],
                    "primary": {
                        "id": "33079798",
                        "attributes": {
                            "domain": "unbl.ink",
                            "fqdn": "cloud.unbl.ink",
                            "id": "33079798",
                            "name": "cloud",
                            "port": "0",
                            "priority": "0",
                            "ttl": "1800",
                            "type": "A",
                            "value": "159.203.182.108",
                            "weight": "0"
                        },
                        "meta": {},
                        "tainted": false
                    },
                    "deposed": [],
                    "provider": "provider.digitalocean"
                },
                "digitalocean_record.data": {
                    "type": "digitalocean_record",
                    "depends_on": [
                        "digitalocean_domain.onec"
                    ],
                    "primary": {
                        "id": "29638753",
                        "attributes": {
                            "domain": "onec.me",
                            "fqdn": "data.onec.me",
                            "id": "29638753",
                            "name": "data",
                            "port": "0",
                            "priority": "0",
                            "ttl": "1800",
                            "type": "A",
                            "value": "159.203.71.162",
                            "weight": "0"
                        },
                        "meta": {},
                        "tainted": false
                    },
                    "deposed": [],
                    "provider": "provider.digitalocean"
                },
                "digitalocean_record.galah": {
                    "type": "digitalocean_record",
                    "depends_on": [
                        "digitalocean_domain.onec"
                    ],
                    "primary": {
                        "id": "42716882",
                        "attributes": {
                            "domain": "onec.me",
                            "fqdn": "galah.onec.me",
                            "id": "42716882",
                            "name": "galah",
                            "port": "0",
                            "priority": "0",
                            "ttl": "1800",
                            "type": "A",
                            "value": "72.224.177.108",
                            "weight": "0"
                        },
                        "meta": {},
                        "tainted": false
                    },
                    "deposed": [],
                    "provider": "provider.digitalocean"
                },
                "digitalocean_record.galah-unblink": {
                    "type": "digitalocean_record",
                    "depends_on": [
                        "digitalocean_domain.unblink"
                    ],
                    "primary": {
                        "id": "33079799",
                        "attributes": {
                            "domain": "unbl.ink",
                            "fqdn": "galah.unbl.ink",
                            "id": "33079799",
                            "name": "galah",
                            "port": "0",
                            "priority": "0",
                            "ttl": "1800",
                            "type": "A",
                            "value": "45.46.94.151",
                            "weight": "0"
                        },
                        "meta": {},
                        "tainted": false
                    },
                    "deposed": [],
                    "provider": "provider.digitalocean"
                },
                "digitalocean_record.git": {
                    "type": "digitalocean_record",
                    "depends_on": [
                        "digitalocean_domain.onec",
                        "digitalocean_droplet.sovreign"
                    ],
                    "primary": {
                        "id": "24563563",
                        "attributes": {
                            "domain": "onec.me",
                            "fqdn": "git.onec.me",
                            "id": "24563563",
                            "name": "git",
                            "port": "0",
                            "priority": "0",
                            "ttl": "1800",
                            "type": "A",
                            "value": "162.243.105.65",
                            "weight": "0"
                        },
                        "meta": {},
                        "tainted": false
                    },
                    "deposed": [],
                    "provider": "provider.digitalocean"
                },
                "digitalocean_record.git-unblink": {
                    "type": "digitalocean_record",
                    "depends_on": [
                        "digitalocean_domain.unblink",
                        "digitalocean_droplet.sovereign"
                    ],
                    "primary": {
                        "id": "33079803",
                        "attributes": {
                            "domain": "unbl.ink",
                            "fqdn": "git.unbl.ink",
                            "id": "33079803",
                            "name": "git",
                            "port": "0",
                            "priority": "0",
                            "ttl": "1800",
                            "type": "A",
                            "value": "159.203.182.108",
                            "weight": "0"
                        },
                        "meta": {},
                        "tainted": false
                    },
                    "deposed": [],
                    "provider": "provider.digitalocean"
                },
                "digitalocean_record.grackle": {
                    "type": "digitalocean_record",
                    "depends_on": [
                        "digitalocean_domain.onec"
                    ],
                    "primary": {
                        "id": "24563808",
                        "attributes": {
                            "domain": "onec.me",
                            "fqdn": "grackle.onec.me",
                            "id": "24563808",
                            "name": "grackle",
                            "port": "0",
                            "priority": "0",
                            "ttl": "1800",
                            "type": "A",
                            "value": "45.46.94.151",
                            "weight": "0"
                        },
                        "meta": {},
                        "tainted": false
                    },
                    "deposed": [],
                    "provider": "provider.digitalocean"
                },
                "digitalocean_record.grackle-unblink": {
                    "type": "digitalocean_record",
                    "depends_on": [
                        "digitalocean_domain.unblink"
                    ],
                    "primary": {
                        "id": "33079797",
                        "attributes": {
                            "domain": "unbl.ink",
                            "fqdn": "grackle.unbl.ink",
                            "id": "33079797",
                            "name": "grackle",
                            "port": "0",
                            "priority": "0",
                            "ttl": "1800",
                            "type": "A",
                            "value": "45.46.94.151",
                            "weight": "0"
                        },
                        "meta": {},
                        "tainted": false
                    },
                    "deposed": [],
                    "provider": "provider.digitalocean"
                },
                "digitalocean_record.kestrel": {
                    "type": "digitalocean_record",
                    "depends_on": [
                        "digitalocean_domain.onec"
                    ],
                    "primary": {
                        "id": "24563805",
                        "attributes": {
                            "domain": "onec.me",
                            "fqdn": "kestrel.onec.me",
                            "id": "24563805",
                            "name": "kestrel",
                            "port": "0",
                            "priority": "0",
                            "ttl": "1800",
                            "type": "A",
                            "value": "45.46.94.151",
                            "weight": "0"
                        },
                        "meta": {},
                        "tainted": false
                    },
                    "deposed": [],
                    "provider": "provider.digitalocean"
                },
                "digitalocean_record.kestrel-unblink": {
                    "type": "digitalocean_record",
                    "depends_on": [
                        "digitalocean_domain.unblink"
                    ],
                    "primary": {
                        "id": "33079800",
                        "attributes": {
                            "domain": "unbl.ink",
                            "fqdn": "kestrel.unbl.ink",
                            "id": "33079800",
                            "name": "kestrel",
                            "port": "0",
                            "priority": "0",
                            "ttl": "1800",
                            "type": "A",
                            "value": "45.46.94.151",
                            "weight": "0"
                        },
                        "meta": {},
                        "tainted": false
                    },
                    "deposed": [],
                    "provider": "provider.digitalocean"
                },
                "digitalocean_record.keybase-onec": {
                    "type": "digitalocean_record",
                    "depends_on": [
                        "digitalocean_domain.onec"
                    ],
                    "primary": {
                        "id": "34132460",
                        "attributes": {
                            "domain": "onec.me",
                            "fqdn": "@.onec.me",
                            "id": "34132460",
                            "name": "@",
                            "port": "0",
                            "priority": "0",
                            "ttl": "1800",
                            "type": "TXT",
                            "value": "keybase-site-verification=hxUNVno7luYTBW-2gmvVBf77Onp_SA3NKWYyCcSvrTs",
                            "weight": "0"
                        },
                        "meta": {},
                        "tainted": false
                    },
                    "deposed": [],
                    "provider": "provider.digitalocean"
                },
                "digitalocean_record.keybase-unblink": {
                    "type": "digitalocean_record",
                    "depends_on": [
                        "digitalocean_domain.unblink"
                    ],
                    "primary": {
                        "id": "34130800",
                        "attributes": {
                            "domain": "unbl.ink",
                            "fqdn": "@.unbl.ink",
                            "id": "34130800",
                            "name": "@",
                            "port": "0",
                            "priority": "0",
                            "ttl": "1800",
                            "type": "TXT",
                            "value": "keybase-site-verification=VwL0aY-sNsum0d26tZy9UDH--GmNgjqBilte4S0y9pc",
                            "weight": "0"
                        },
                        "meta": {},
                        "tainted": false
                    },
                    "deposed": [],
                    "provider": "provider.digitalocean"
                },
                "digitalocean_record.mail": {
                    "type": "digitalocean_record",
                    "depends_on": [
                        "digitalocean_domain.onec",
                        "digitalocean_droplet.sovreign"
                    ],
                    "primary": {
                        "id": "24563566",
                        "attributes": {
                            "domain": "onec.me",
                            "fqdn": "mail.onec.me",
                            "id": "24563566",
                            "name": "mail",
                            "port": "0",
                            "priority": "0",
                            "ttl": "1800",
                            "type": "A",
                            "value": "162.243.105.65",
                            "weight": "0"
                        },
                        "meta": {},
                        "tainted": false
                    },
                    "deposed": [],
                    "provider": "provider.digitalocean"
                },
                "digitalocean_record.mail-unblink": {
                    "type": "digitalocean_record",
                    "depends_on": [
                        "digitalocean_domain.unblink",
                        "digitalocean_droplet.sovereign"
                    ],
                    "primary": {
                        "id": "33079804",
                        "attributes": {
                            "domain": "unbl.ink",
                            "fqdn": "mail.unbl.ink",
                            "id": "33079804",
                            "name": "mail",
                            "port": "0",
                            "priority": "0",
                            "ttl": "1800",
                            "type": "A",
                            "value": "159.203.182.108",
                            "weight": "0"
                        },
                        "meta": {},
                        "tainted": false
                    },
                    "deposed": [],
                    "provider": "provider.digitalocean"
                },
                "digitalocean_record.news-unblink": {
                    "type": "digitalocean_record",
                    "depends_on": [
                        "digitalocean_domain.unblink",
                        "digitalocean_droplet.sovereign"
                    ],
                    "primary": {
                        "id": "33079796",
                        "attributes": {
                            "domain": "unbl.ink",
                            "fqdn": "news.unbl.ink",
                            "id": "33079796",
                            "name": "news",
                            "port": "0",
                            "priority": "0",
                            "ttl": "1800",
                            "type": "A",
                            "value": "159.203.182.108",
                            "weight": "0"
                        },
                        "meta": {},
                        "tainted": false
                    },
                    "deposed": [],
                    "provider": "provider.digitalocean"
                },
                "digitalocean_record.protonmail-dkim": {
                    "type": "digitalocean_record",
                    "depends_on": [
                        "digitalocean_domain.onec"
                    ],
                    "primary": {
                        "id": "33039279",
                        "attributes": {
                            "domain": "onec.me",
                            "fqdn": "protonmail._domainkey.onec.me",
                            "id": "33039279",
                            "name": "protonmail._domainkey",
                            "port": "0",
                            "priority": "0",
                            "ttl": "1800",
                            "type": "TXT",
                            "value": "v=DKIM1; k=rsa; p=MIGfMA0GCSqGSIb3DQEBAQUAA4GNADCBiQKBgQC9Bn93yKzk31i9JtwIC+71QAaHi5fqZx9JCRdEZcWZVZouzx70mG0/zUKejLzDyO5BRBdG9MjbPPU+JhgKJj1d2ekDLR0MtxibkRlDud6jc4UjypHruuKcqr9FTZCQFI8yMLVp3nKGl6GlQ+aOO5PD2keogoatULBp+cILm/8wjQIDAQAB",
                            "weight": "0"
                        },
                        "meta": {},
                        "tainted": false
                    },
                    "deposed": [],
                    "provider": "provider.digitalocean"
                },
                "digitalocean_record.protonmail-dmarc": {
                    "type": "digitalocean_record",
                    "depends_on": [
                        "digitalocean_domain.onec"
                    ],
                    "primary": {
                        "id": "33044784",
                        "attributes": {
                            "domain": "onec.me",
                            "fqdn": "_dmarc.onec.me",
                            "id": "33044784",
                            "name": "_dmarc",
                            "port": "0",
                            "priority": "0",
                            "ttl": "1800",
                            "type": "TXT",
                            "value": "v=DMARC1; p=none; rua=mailto:colin@onec.me",
                            "weight": "0"
                        },
                        "meta": {},
                        "tainted": false
                    },
                    "deposed": [],
                    "provider": "provider.digitalocean"
                },
                "digitalocean_record.protonmail-mx": {
                    "type": "digitalocean_record",
                    "depends_on": [
                        "digitalocean_domain.onec"
                    ],
                    "primary": {
                        "id": "33039222",
                        "attributes": {
                            "domain": "onec.me",
                            "fqdn": "@.onec.me",
                            "id": "33039222",
                            "name": "@",
                            "port": "0",
                            "priority": "10",
                            "ttl": "1800",
                            "type": "MX",
                            "value": "mail.protonmail.ch.",
                            "weight": "0"
                        },
                        "meta": {},
                        "tainted": false
                    },
                    "deposed": [],
                    "provider": "provider.digitalocean"
                },
                "digitalocean_record.protonmail-spf": {
                    "type": "digitalocean_record",
                    "depends_on": [
                        "digitalocean_domain.onec"
                    ],
                    "primary": {
                        "id": "33039235",
                        "attributes": {
                            "domain": "onec.me",
                            "fqdn": "@.onec.me",
                            "id": "33039235",
                            "name": "@",
                            "port": "0",
                            "priority": "0",
                            "ttl": "1800",
                            "type": "TXT",
                            "value": "v=spf1 include:_spf.protonmail.ch mx ~all",
                            "weight": "0"
                        },
                        "meta": {},
                        "tainted": false
                    },
                    "deposed": [],
                    "provider": "provider.digitalocean"
                },
                "digitalocean_record.protonmail-txt": {
                    "type": "digitalocean_record",
                    "depends_on": [
                        "digitalocean_domain.onec"
                    ],
                    "primary": {
                        "id": "33012903",
                        "attributes": {
                            "domain": "onec.me",
                            "fqdn": "@.onec.me",
                            "id": "33012903",
                            "name": "@",
                            "port": "0",
                            "priority": "0",
                            "ttl": "1800",
                            "type": "TXT",
                            "value": "protonmail-verification=a49b5124986a7fe5c3d38e850f36eb3e86ebd11b",
                            "weight": "0"
                        },
                        "meta": {},
                        "tainted": false
                    },
                    "deposed": [],
                    "provider": "provider.digitalocean"
                },
                "digitalocean_record.read-unblink": {
                    "type": "digitalocean_record",
                    "depends_on": [
                        "digitalocean_domain.unblink",
                        "digitalocean_droplet.sovereign"
                    ],
                    "primary": {
                        "id": "33079801",
                        "attributes": {
                            "domain": "unbl.ink",
                            "fqdn": "read.unbl.ink",
                            "id": "33079801",
                            "name": "read",
                            "port": "0",
                            "priority": "0",
                            "ttl": "1800",
                            "type": "A",
                            "value": "159.203.182.108",
                            "weight": "0"
                        },
                        "meta": {},
                        "tainted": false
                    },
                    "deposed": [],
                    "provider": "provider.digitalocean"
                },
                "digitalocean_record.run": {
                    "type": "digitalocean_record",
                    "depends_on": [
                        "digitalocean_domain.onec",
                        "digitalocean_droplet.sovreign"
                    ],
                    "primary": {
                        "id": "24563803",
                        "attributes": {
                            "domain": "onec.me",
                            "fqdn": "run.onec.me",
                            "id": "24563803",
                            "name": "run",
                            "port": "0",
                            "priority": "0",
                            "ttl": "1800",
                            "type": "A",
                            "value": "162.243.105.65",
                            "weight": "0"
                        },
                        "meta": {},
                        "tainted": false
                    },
                    "deposed": [],
                    "provider": "provider.digitalocean"
                },
                "digitalocean_record.spf": {
                    "type": "digitalocean_record",
                    "depends_on": [
                        "digitalocean_domain.unblink"
                    ],
                    "primary": {
                        "id": "33124456",
                        "attributes": {
                            "domain": "unbl.ink",
                            "fqdn": "@.unbl.ink",
                            "id": "33124456",
                            "name": "@",
                            "port": "0",
                            "priority": "0",
                            "ttl": "1800",
                            "type": "TXT",
                            "value": "v=spf1 a include:unbl.ink ~all",
                            "weight": "0"
                        },
                        "meta": {},
                        "tainted": false
                    },
                    "deposed": [],
                    "provider": "provider.digitalocean"
                },
                "digitalocean_record.star-colinforcastine": {
                    "type": "digitalocean_record",
                    "depends_on": [
                        "digitalocean_domain.colinforcastine",
                        "digitalocean_droplet.sovreign"
                    ],
                    "primary": {
                        "id": "28578308",
                        "attributes": {
                            "domain": "colinforcastine.com",
                            "fqdn": "*.colinforcastine.com",
                            "id": "28578308",
                            "name": "*",
                            "port": "0",
                            "priority": "0",
                            "ttl": "1800",
                            "type": "A",
                            "value": "162.243.105.65",
                            "weight": "0"
                        },
                        "meta": {},
                        "tainted": false
                    },
                    "deposed": [],
                    "provider": "provider.digitalocean"
                },
                "digitalocean_record.star-unblink": {
                    "type": "digitalocean_record",
                    "depends_on": [
                        "digitalocean_domain.unblink",
                        "digitalocean_droplet.sovereign"
                    ],
                    "primary": {
                        "id": "33079808",
                        "attributes": {
                            "domain": "unbl.ink",
                            "fqdn": "*.unbl.ink",
                            "id": "33079808",
                            "name": "*",
                            "port": "0",
                            "priority": "0",
                            "ttl": "1800",
                            "type": "A",
                            "value": "159.203.182.108",
                            "weight": "0"
                        },
                        "meta": {},
                        "tainted": false
                    },
                    "deposed": [],
                    "provider": "provider.digitalocean"
                },
                "digitalocean_record.tern": {
                    "type": "digitalocean_record",
                    "depends_on": [
                        "digitalocean_domain.onec"
                    ],
                    "primary": {
                        "id": "24563809",
                        "attributes": {
                            "domain": "onec.me",
                            "fqdn": "tern.onec.me",
                            "id": "24563809",
                            "name": "tern",
                            "port": "0",
                            "priority": "0",
                            "ttl": "1800",
                            "type": "A",
                            "value": "45.46.94.151",
                            "weight": "0"
                        },
                        "meta": {},
                        "tainted": false
                    },
                    "deposed": [],
                    "provider": "provider.digitalocean"
                },
                "digitalocean_record.tern-unblink": {
                    "type": "digitalocean_record",
                    "depends_on": [
                        "digitalocean_domain.unblink"
                    ],
                    "primary": {
                        "id": "33079807",
                        "attributes": {
                            "domain": "unbl.ink",
                            "fqdn": "tern.unbl.ink",
                            "id": "33079807",
                            "name": "tern",
                            "port": "0",
                            "priority": "0",
                            "ttl": "1800",
                            "type": "A",
                            "value": "45.46.94.151",
                            "weight": "0"
                        },
                        "meta": {},
                        "tainted": false
                    },
                    "deposed": [],
                    "provider": "provider.digitalocean"
                },
                "digitalocean_record.vault": {
                    "type": "digitalocean_record",
                    "depends_on": [
                        "digitalocean_domain.onec",
                        "digitalocean_droplet.sovreign"
                    ],
                    "primary": {
                        "id": "24563807",
                        "attributes": {
                            "domain": "onec.me",
                            "fqdn": "vault.onec.me",
                            "id": "24563807",
                            "name": "vault",
                            "port": "0",
                            "priority": "0",
                            "ttl": "1800",
                            "type": "A",
                            "value": "162.243.105.65",
                            "weight": "0"
                        },
                        "meta": {},
                        "tainted": false
                    },
                    "deposed": [],
                    "provider": "provider.digitalocean"
                },
                "digitalocean_record.www": {
                    "type": "digitalocean_record",
                    "depends_on": [
                        "digitalocean_domain.onec",
                        "digitalocean_droplet.sovreign"
                    ],
                    "primary": {
                        "id": "24563567",
                        "attributes": {
                            "domain": "onec.me",
                            "fqdn": "www.onec.me",
                            "id": "24563567",
                            "name": "www",
                            "port": "0",
                            "priority": "0",
                            "ttl": "1800",
                            "type": "A",
                            "value": "162.243.105.65",
                            "weight": "0"
                        },
                        "meta": {},
                        "tainted": false
                    },
                    "deposed": [],
                    "provider": "provider.digitalocean"
                },
                "digitalocean_record.www-colinforcastine": {
                    "type": "digitalocean_record",
                    "depends_on": [
                        "digitalocean_domain.colinforcastine",
                        "digitalocean_droplet.sovreign"
                    ],
                    "primary": {
                        "id": "28578307",
                        "attributes": {
                            "domain": "colinforcastine.com",
                            "fqdn": "www.colinforcastine.com",
                            "id": "28578307",
                            "name": "www",
                            "port": "0",
                            "priority": "0",
                            "ttl": "1800",
                            "type": "A",
                            "value": "162.243.105.65",
                            "weight": "0"
                        },
                        "meta": {},
                        "tainted": false
                    },
                    "deposed": [],
                    "provider": "provider.digitalocean"
                },
                "digitalocean_record.www-el8delete": {
                    "type": "digitalocean_record",
                    "depends_on": [
                        "digitalocean_domain.el8delete"
                    ],
                    "primary": {
                        "id": "51904921",
                        "attributes": {
                            "domain": "el8delete.club",
                            "fqdn": "el8delete.el8delete.club",
                            "id": "51904921",
                            "name": "el8delete",
                            "port": "0",
                            "priority": "0",
                            "ttl": "1800",
                            "type": "CNAME",
                            "value": "powellc.github.io.",
                            "weight": "0"
                        },
                        "meta": {},
                        "tainted": false
                    },
                    "deposed": [],
                    "provider": "provider.digitalocean"
                },
                "digitalocean_record.www-unblink": {
                    "type": "digitalocean_record",
                    "depends_on": [
                        "digitalocean_domain.unblink",
                        "digitalocean_droplet.sovereign"
                    ],
                    "primary": {
                        "id": "33079802",
                        "attributes": {
                            "domain": "unbl.ink",
                            "fqdn": "www.unbl.ink",
                            "id": "33079802",
                            "name": "www",
                            "port": "0",
                            "priority": "0",
                            "ttl": "1800",
                            "type": "A",
                            "value": "159.203.182.108",
                            "weight": "0"
                        },
                        "meta": {},
                        "tainted": false
                    },
                    "deposed": [],
                    "provider": "provider.digitalocean"
                },
                "digitalocean_record.znc": {
                    "type": "digitalocean_record",
                    "depends_on": [
                        "digitalocean_domain.onec",
                        "digitalocean_droplet.sovreign"
                    ],
                    "primary": {
                        "id": "24563569",
                        "attributes": {
                            "domain": "onec.me",
                            "fqdn": "znc.onec.me",
                            "id": "24563569",
                            "name": "znc",
                            "port": "0",
                            "priority": "0",
                            "ttl": "1800",
                            "type": "A",
                            "value": "162.243.105.65",
                            "weight": "0"
                        },
                        "meta": {},
                        "tainted": false
                    },
                    "deposed": [],
                    "provider": "provider.digitalocean"
                },
                "digitalocean_ssh_key.personal": {
                    "type": "digitalocean_ssh_key",
                    "depends_on": [],
                    "primary": {
                        "id": "17418300",
                        "attributes": {
                            "fingerprint": "93:47:0e:a6:78:3b:da:48:77:21:11:ac:d6:e7:0d:5c",
                            "id": "17418300",
                            "name": "personal",
                            "public_key": "ssh-rsa AAAAB3NzaC1yc2EAAAABIwAAAQEAq2vNVzBll3GeXH8DdM72AF1Q/ekZhR8xP04z/huAmoC2NVZBQ9qG6wpHZ8+yC/Rl1eSECN27RHlASs9MdGwgETKAKe8VoKFNFjQPe7tvz0xJLJ+CBA84YnEjzXiRp9Ot6sBBaX/xtyNNGnwckla5Vu8/MlPNIhgCtTCG4QnTIWNCYICQZCr96Kwd9r1vjC0qZjA1WpaKKlhpKiLKGW0ln7rqh10Txbt512yJR78j7/q5tYiecMDwqV4JeY8KmzqSywDJqO7vGJnkisn6RrlRgw4WBOqFGv42oZ/XqEd9UqKxuTu/7/7N5fKTwE4hhX+bIPxg+w0tnhdGUxMLwluROw== powellc"
                        },
                        "meta": {},
                        "tainted": false
                    },
                    "deposed": [],
                    "provider": "provider.digitalocean"
                },
                "digitalocean_volume.sovereign-storage": {
                    "type": "digitalocean_volume",
                    "depends_on": [],
                    "primary": {
                        "id": "23b092e3-f899-11e7-89a6-0242ac114005",
                        "attributes": {
                            "description": "storage for sovereign",
                            "droplet_ids.#": "1",
                            "droplet_ids.1181251409": "78661741",
                            "id": "23b092e3-f899-11e7-89a6-0242ac114005",
                            "name": "sovereign-storage",
                            "region": "nyc1",
                            "size": "100"
                        },
                        "meta": {},
                        "tainted": false
                    },
                    "deposed": [],
                    "provider": "provider.digitalocean"
                }
            },
            "depends_on": []
        }
    ]
}
